
Microsoft Visual Studio Solution File, Format Version 12.00
# Visual Studio Version 17
VisualStudioVersion = 17.11.35312.102
MinimumVisualStudioVersion = 10.0.40219.1
Project("{FAE04EC0-301F-11D3-BF4B-00C04F79EFBC}") = "todo", "todo\todo.csproj", "{3A001161-6C1A-4110-9063-A6DCC185C631}"
EndProject
Global
	GlobalSection(SolutionConfigurationPlatforms) = preSolution
		Debug|Any CPU = Debug|Any CPU
		Release|Any CPU = Release|Any CPU
	EndGlobalSection
	GlobalSection(ProjectConfigurationPlatforms) = postSolution
		{3A001161-6C1A-4110-9063-A6DCC185C631}.Debug|Any CPU.ActiveCfg = Debug|Any CPU
		{3A001161-6C1A-4110-9063-A6DCC185C631}.Debug|Any CPU.Build.0 = Debug|Any CPU
		{3A001161-6C1A-4110-9063-A6DCC185C631}.Release|Any CPU.ActiveCfg = Release|Any CPU
		{3A001161-6C1A-4110-9063-A6DCC185C631}.Release|Any CPU.Build.0 = Release|Any CPU
	EndGlobalSection
	GlobalSection(SolutionProperties) = preSolution
		HideSolutionNode = FALSE
	EndGlobalSection
	GlobalSection(ExtensibilityGlobals) = postSolution
		SolutionGuid = {617BF503-9ACA-42F0-9B30-CDCB32E9D001}
	EndGlobalSection
EndGlobal
